
Microsoft Visual Studio Solution File, Format Version 12.00
# Visual Studio 15
Project("{FAE04EC0-301F-11D3-BF4B-00C04F79EFBC}") = "Unity.XR.Interaction.Toolkit.Samples.StarterAssets", "Unity.XR.Interaction.Toolkit.Samples.StarterAssets.csproj", "{0BEA2EEE-8C76-389C-6B23-DD3C1D75D211}"
EndProject
Project("{FAE04EC0-301F-11D3-BF4B-00C04F79EFBC}") = "Assembly-CSharp", "Assembly-CSharp.csproj", "{3470B003-59B9-2A79-3DA8-C9C34DF319F1}"
EndProject
Project("{FAE04EC0-301F-11D3-BF4B-00C04F79EFBC}") = "LineworkLite", "LineworkLite.csproj", "{367DDD19-3646-F8B5-B3F4-A185FF2204CF}"
EndProject
Project("{FAE04EC0-301F-11D3-BF4B-00C04F79EFBC}") = "Unity.XR.Hands.Samples.VisualizerSample", "Unity.XR.Hands.Samples.VisualizerSample.csproj", "{ED73DB04-D033-A6F0-290C-9F7180659146}"
EndProject
Project("{FAE04EC0-301F-11D3-BF4B-00C04F79EFBC}") = "Unity.XR.Interaction.Toolkit.Samples.Hands", "Unity.XR.Interaction.Toolkit.Samples.Hands.csproj", "{DAB7B0E2-F777-49AE-E70C-D2D7C6DE3A8F}"
EndProject
Project("{FAE04EC0-301F-11D3-BF4B-00C04F79EFBC}") = "LineworkLite.Editor", "LineworkLite.Editor.csproj", "{835AD8EC-1C9B-308C-7603-B5300636D056}"
EndProject
Project("{FAE04EC0-301F-11D3-BF4B-00C04F79EFBC}") = "Unity.XR.Interaction.Toolkit.Samples.DeviceSimulator", "Unity.XR.Interaction.Toolkit.Samples.DeviceSimulator.csproj", "{92000E87-A6A4-D4AB-7204-7763708515CE}"
EndProject
Project("{FAE04EC0-301F-11D3-BF4B-00C04F79EFBC}") = "Assembly-CSharp-Editor", "Assembly-CSharp-Editor.csproj", "{A6F7FCEF-5C2D-D9CD-024A-5CEE26033A04}"
EndProject
Project("{FAE04EC0-301F-11D3-BF4B-00C04F79EFBC}") = "Unity.XR.Interaction.Toolkit.Samples.InteractionSimulator", "Unity.XR.Interaction.Toolkit.Samples.InteractionSimulator.csproj", "{106ECB08-8C05-59B8-505B-B667E5D110C0}"
EndProject
Project("{FAE04EC0-301F-11D3-BF4B-00C04F79EFBC}") = "Unity.XR.Interaction.Toolkit.Samples.InteractionSimulator.Editor", "Unity.XR.Interaction.Toolkit.Samples.InteractionSimulator.Editor.csproj", "{94171551-F1B3-69BF-5652-7C0B6E9C98A5}"
EndProject
Project("{FAE04EC0-301F-11D3-BF4B-00C04F79EFBC}") = "Unity.XR.Interaction.Toolkit.Samples.StarterAssets.Editor", "Unity.XR.Interaction.Toolkit.Samples.StarterAssets.Editor.csproj", "{3CCEB438-489F-CF31-EB06-E85095D4B9DE}"
EndProject
Project("{FAE04EC0-301F-11D3-BF4B-00C04F79EFBC}") = "Unity.XR.Interaction.Toolkit.Samples.Hands.Editor", "Unity.XR.Interaction.Toolkit.Samples.Hands.Editor.csproj", "{8DFE6FE8-2575-8AC7-3B5C-C58214D07BCA}"
EndProject
Global
	GlobalSection(SolutionConfigurationPlatforms) = preSolution
		Debug|Any CPU = Debug|Any CPU
		Release|Any CPU = Release|Any CPU
	EndGlobalSection
	GlobalSection(ProjectConfigurationPlatforms) = postSolution
		{0BEA2EEE-8C76-389C-6B23-DD3C1D75D211}.Debug|Any CPU.ActiveCfg = Debug|Any CPU
		{0BEA2EEE-8C76-389C-6B23-DD3C1D75D211}.Debug|Any CPU.Build.0 = Debug|Any CPU
		{0BEA2EEE-8C76-389C-6B23-DD3C1D75D211}.Release|Any CPU.ActiveCfg = Release|Any CPU
		{0BEA2EEE-8C76-389C-6B23-DD3C1D75D211}.Release|Any CPU.Build.0 = Release|Any CPU
		{3470B003-59B9-2A79-3DA8-C9C34DF319F1}.Debug|Any CPU.ActiveCfg = Debug|Any CPU
		{3470B003-59B9-2A79-3DA8-C9C34DF319F1}.Debug|Any CPU.Build.0 = Debug|Any CPU
		{3470B003-59B9-2A79-3DA8-C9C34DF319F1}.Release|Any CPU.ActiveCfg = Release|Any CPU
		{3470B003-59B9-2A79-3DA8-C9C34DF319F1}.Release|Any CPU.Build.0 = Release|Any CPU
		{367DDD19-3646-F8B5-B3F4-A185FF2204CF}.Debug|Any CPU.ActiveCfg = Debug|Any CPU
		{367DDD19-3646-F8B5-B3F4-A185FF2204CF}.Debug|Any CPU.Build.0 = Debug|Any CPU
		{367DDD19-3646-F8B5-B3F4-A185FF2204CF}.Release|Any CPU.ActiveCfg = Release|Any CPU
		{367DDD19-3646-F8B5-B3F4-A185FF2204CF}.Release|Any CPU.Build.0 = Release|Any CPU
		{ED73DB04-D033-A6F0-290C-9F7180659146}.Debug|Any CPU.ActiveCfg = Debug|Any CPU
		{ED73DB04-D033-A6F0-290C-9F7180659146}.Debug|Any CPU.Build.0 = Debug|Any CPU
		{ED73DB04-D033-A6F0-290C-9F7180659146}.Release|Any CPU.ActiveCfg = Release|Any CPU
		{ED73DB04-D033-A6F0-290C-9F7180659146}.Release|Any CPU.Build.0 = Release|Any CPU
		{DAB7B0E2-F777-49AE-E70C-D2D7C6DE3A8F}.Debug|Any CPU.ActiveCfg = Debug|Any CPU
		{DAB7B0E2-F777-49AE-E70C-D2D7C6DE3A8F}.Debug|Any CPU.Build.0 = Debug|Any CPU
		{DAB7B0E2-F777-49AE-E70C-D2D7C6DE3A8F}.Release|Any CPU.ActiveCfg = Release|Any CPU
		{DAB7B0E2-F777-49AE-E70C-D2D7C6DE3A8F}.Release|Any CPU.Build.0 = Release|Any CPU
		{835AD8EC-1C9B-308C-7603-B5300636D056}.Debug|Any CPU.ActiveCfg = Debug|Any CPU
		{835AD8EC-1C9B-308C-7603-B5300636D056}.Debug|Any CPU.Build.0 = Debug|Any CPU
		{835AD8EC-1C9B-308C-7603-B5300636D056}.Release|Any CPU.ActiveCfg = Release|Any CPU
		{835AD8EC-1C9B-308C-7603-B5300636D056}.Release|Any CPU.Build.0 = Release|Any CPU
		{92000E87-A6A4-D4AB-7204-7763708515CE}.Debug|Any CPU.ActiveCfg = Debug|Any CPU
		{92000E87-A6A4-D4AB-7204-7763708515CE}.Debug|Any CPU.Build.0 = Debug|Any CPU
		{92000E87-A6A4-D4AB-7204-7763708515CE}.Release|Any CPU.ActiveCfg = Release|Any CPU
		{92000E87-A6A4-D4AB-7204-7763708515CE}.Release|Any CPU.Build.0 = Release|Any CPU
		{A6F7FCEF-5C2D-D9CD-024A-5CEE26033A04}.Debug|Any CPU.ActiveCfg = Debug|Any CPU
		{A6F7FCEF-5C2D-D9CD-024A-5CEE26033A04}.Debug|Any CPU.Build.0 = Debug|Any CPU
		{A6F7FCEF-5C2D-D9CD-024A-5CEE26033A04}.Release|Any CPU.ActiveCfg = Release|Any CPU
		{A6F7FCEF-5C2D-D9CD-024A-5CEE26033A04}.Release|Any CPU.Build.0 = Release|Any CPU
		{106ECB08-8C05-59B8-505B-B667E5D110C0}.Debug|Any CPU.ActiveCfg = Debug|Any CPU
		{106ECB08-8C05-59B8-505B-B667E5D110C0}.Debug|Any CPU.Build.0 = Debug|Any CPU
		{106ECB08-8C05-59B8-505B-B667E5D110C0}.Release|Any CPU.ActiveCfg = Release|Any CPU
		{106ECB08-8C05-59B8-505B-B667E5D110C0}.Release|Any CPU.Build.0 = Release|Any CPU
		{94171551-F1B3-69BF-5652-7C0B6E9C98A5}.Debug|Any CPU.ActiveCfg = Debug|Any CPU
		{94171551-F1B3-69BF-5652-7C0B6E9C98A5}.Debug|Any CPU.Build.0 = Debug|Any CPU
		{94171551-F1B3-69BF-5652-7C0B6E9C98A5}.Release|Any CPU.ActiveCfg = Release|Any CPU
		{94171551-F1B3-69BF-5652-7C0B6E9C98A5}.Release|Any CPU.Build.0 = Release|Any CPU
		{3CCEB438-489F-CF31-EB06-E85095D4B9DE}.Debug|Any CPU.ActiveCfg = Debug|Any CPU
		{3CCEB438-489F-CF31-EB06-E85095D4B9DE}.Debug|Any CPU.Build.0 = Debug|Any CPU
		{3CCEB438-489F-CF31-EB06-E85095D4B9DE}.Release|Any CPU.ActiveCfg = Release|Any CPU
		{3CCEB438-489F-CF31-EB06-E85095D4B9DE}.Release|Any CPU.Build.0 = Release|Any CPU
		{8DFE6FE8-2575-8AC7-3B5C-C58214D07BCA}.Debug|Any CPU.ActiveCfg = Debug|Any CPU
		{8DFE6FE8-2575-8AC7-3B5C-C58214D07BCA}.Debug|Any CPU.Build.0 = Debug|Any CPU
		{8DFE6FE8-2575-8AC7-3B5C-C58214D07BCA}.Release|Any CPU.ActiveCfg = Release|Any CPU
		{8DFE6FE8-2575-8AC7-3B5C-C58214D07BCA}.Release|Any CPU.Build.0 = Release|Any CPU
	EndGlobalSection
	GlobalSection(SolutionProperties) = preSolution
		HideSolutionNode = FALSE
	EndGlobalSection
EndGlobal
